// !$*UTF8*$!
{
	archiveVersion = 1;
	classes = {
	};
	objectVersion = 56;
	objects = {

/* Begin PBXBuildFile section */
		88064B9029ADB7E1006BEEBE /* TienditaPruebaApp.swift in Sources */ = {isa = PBXBuildFile; fileRef = 88064B8F29ADB7E1006BEEBE /* TienditaPruebaApp.swift */; };
		88064B9229ADB7E1006BEEBE /* ContentView.swift in Sources */ = {isa = PBXBuildFile; fileRef = 88064B9129ADB7E1006BEEBE /* ContentView.swift */; };
		88064B9429ADB7E3006BEEBE /* Assets.xcassets in Resources */ = {isa = PBXBuildFile; fileRef = 88064B9329ADB7E3006BEEBE /* Assets.xcassets */; };
		88064B9729ADB7E3006BEEBE /* Preview Assets.xcassets in Resources */ = {isa = PBXBuildFile; fileRef = 88064B9629ADB7E3006BEEBE /* Preview Assets.xcassets */; };
		88064B9F29ADBE1D006BEEBE /* URLRequestGenerator.swift in Sources */ = {isa = PBXBuildFile; fileRef = 88064B9E29ADBE1D006BEEBE /* URLRequestGenerator.swift */; };
		88064BA129ADBEC5006BEEBE /* DataRequest.swift in Sources */ = {isa = PBXBuildFile; fileRef = 88064BA029ADBEC5006BEEBE /* DataRequest.swift */; };
		88064BA329ADBF48006BEEBE /* HTTPMethods.swift in Sources */ = {isa = PBXBuildFile; fileRef = 88064BA229ADBF48006BEEBE /* HTTPMethods.swift */; };
		88064BA529ADC045006BEEBE /* NetworkDispatcher.swift in Sources */ = {isa = PBXBuildFile; fileRef = 88064BA429ADC045006BEEBE /* NetworkDispatcher.swift */; };
		88064BAA29AFE1E8006BEEBE /* Endpoints.swift in Sources */ = {isa = PBXBuildFile; fileRef = 88064BA929AFE1E8006BEEBE /* Endpoints.swift */; };
		88064BAD29AFE2E4006BEEBE /* NetworkConstants.swift in Sources */ = {isa = PBXBuildFile; fileRef = 88064BAC29AFE2E4006BEEBE /* NetworkConstants.swift */; };
		88064BB129AFE3E9006BEEBE /* String+Extension.swift in Sources */ = {isa = PBXBuildFile; fileRef = 88064BB029AFE3E9006BEEBE /* String+Extension.swift */; };
		88064BB429AFE4CC006BEEBE /* GetAllProductsRequest.swift in Sources */ = {isa = PBXBuildFile; fileRef = 88064BB329AFE4CC006BEEBE /* GetAllProductsRequest.swift */; };
		88064BB729AFE72F006BEEBE /* Products.swift in Sources */ = {isa = PBXBuildFile; fileRef = 88064BB629AFE72F006BEEBE /* Products.swift */; };
		88064BBA29AFEA3A006BEEBE /* HomeTiendita.swift in Sources */ = {isa = PBXBuildFile; fileRef = 88064BB929AFEA3A006BEEBE /* HomeTiendita.swift */; };
		88064BBE29B09A54006BEEBE /* HomeViewModel.swift in Sources */ = {isa = PBXBuildFile; fileRef = 88064BBD29B09A54006BEEBE /* HomeViewModel.swift */; };
		88064BC029B09A86006BEEBE /* FavoritesViewModel.swift in Sources */ = {isa = PBXBuildFile; fileRef = 88064BBF29B09A86006BEEBE /* FavoritesViewModel.swift */; };
		88064BC229B193C1006BEEBE /* HomeProductsCard.swift in Sources */ = {isa = PBXBuildFile; fileRef = 88064BC129B193C1006BEEBE /* HomeProductsCard.swift */; };
		88064BC429B1B07A006BEEBE /* ProductCardView.swift in Sources */ = {isa = PBXBuildFile; fileRef = 88064BC329B1B07A006BEEBE /* ProductCardView.swift */; };
		88064BC729B1BBA7006BEEBE /* CartButton.swift in Sources */ = {isa = PBXBuildFile; fileRef = 88064BC629B1BBA7006BEEBE /* CartButton.swift */; };
		88064BCA29B266D8006BEEBE /* GetAllProductsAPIManager.swift in Sources */ = {isa = PBXBuildFile; fileRef = 88064BC929B266D8006BEEBE /* GetAllProductsAPIManager.swift */; };
/* End PBXBuildFile section */

/* Begin PBXFileReference section */
		88064B8C29ADB7E1006BEEBE /* TienditaPrueba.app */ = {isa = PBXFileReference; explicitFileType = wrapper.application; includeInIndex = 0; path = TienditaPrueba.app; sourceTree = BUILT_PRODUCTS_DIR; };
		88064B8F29ADB7E1006BEEBE /* TienditaPruebaApp.swift */ = {isa = PBXFileReference; lastKnownFileType = sourcecode.swift; path = TienditaPruebaApp.swift; sourceTree = "<group>"; };
		88064B9129ADB7E1006BEEBE /* ContentView.swift */ = {isa = PBXFileReference; lastKnownFileType = sourcecode.swift; path = ContentView.swift; sourceTree = "<group>"; };
		88064B9329ADB7E3006BEEBE /* Assets.xcassets */ = {isa = PBXFileReference; lastKnownFileType = folder.assetcatalog; path = Assets.xcassets; sourceTree = "<group>"; };
		88064B9629ADB7E3006BEEBE /* Preview Assets.xcassets */ = {isa = PBXFileReference; lastKnownFileType = folder.assetcatalog; path = "Preview Assets.xcassets"; sourceTree = "<group>"; };
		88064B9E29ADBE1D006BEEBE /* URLRequestGenerator.swift */ = {isa = PBXFileReference; lastKnownFileType = sourcecode.swift; path = URLRequestGenerator.swift; sourceTree = "<group>"; };
		88064BA029ADBEC5006BEEBE /* DataRequest.swift */ = {isa = PBXFileReference; lastKnownFileType = sourcecode.swift; path = DataRequest.swift; sourceTree = "<group>"; };
		88064BA229ADBF48006BEEBE /* HTTPMethods.swift */ = {isa = PBXFileReference; lastKnownFileType = sourcecode.swift; path = HTTPMethods.swift; sourceTree = "<group>"; };
		88064BA429ADC045006BEEBE /* NetworkDispatcher.swift */ = {isa = PBXFileReference; lastKnownFileType = sourcecode.swift; path = NetworkDispatcher.swift; sourceTree = "<group>"; };
		88064BA929AFE1E8006BEEBE /* Endpoints.swift */ = {isa = PBXFileReference; lastKnownFileType = sourcecode.swift; path = Endpoints.swift; sourceTree = "<group>"; };
		88064BAC29AFE2E4006BEEBE /* NetworkConstants.swift */ = {isa = PBXFileReference; lastKnownFileType = sourcecode.swift; path = NetworkConstants.swift; sourceTree = "<group>"; };
		88064BB029AFE3E9006BEEBE /* String+Extension.swift */ = {isa = PBXFileReference; lastKnownFileType = sourcecode.swift; path = "String+Extension.swift"; sourceTree = "<group>"; };
		88064BB329AFE4CC006BEEBE /* GetAllProductsRequest.swift */ = {isa = PBXFileReference; lastKnownFileType = sourcecode.swift; path = GetAllProductsRequest.swift; sourceTree = "<group>"; };
		88064BB629AFE72F006BEEBE /* Products.swift */ = {isa = PBXFileReference; lastKnownFileType = sourcecode.swift; path = Products.swift; sourceTree = "<group>"; };
		88064BB929AFEA3A006BEEBE /* HomeTiendita.swift */ = {isa = PBXFileReference; lastKnownFileType = sourcecode.swift; path = HomeTiendita.swift; sourceTree = "<group>"; };
		88064BBD29B09A54006BEEBE /* HomeViewModel.swift */ = {isa = PBXFileReference; lastKnownFileType = sourcecode.swift; path = HomeViewModel.swift; sourceTree = "<group>"; };
		88064BBF29B09A86006BEEBE /* FavoritesViewModel.swift */ = {isa = PBXFileReference; lastKnownFileType = sourcecode.swift; path = FavoritesViewModel.swift; sourceTree = "<group>"; };
		88064BC129B193C1006BEEBE /* HomeProductsCard.swift */ = {isa = PBXFileReference; lastKnownFileType = sourcecode.swift; path = HomeProductsCard.swift; sourceTree = "<group>"; };
		88064BC329B1B07A006BEEBE /* ProductCardView.swift */ = {isa = PBXFileReference; lastKnownFileType = sourcecode.swift; path = ProductCardView.swift; sourceTree = "<group>"; };
		88064BC629B1BBA7006BEEBE /* CartButton.swift */ = {isa = PBXFileReference; lastKnownFileType = sourcecode.swift; path = CartButton.swift; sourceTree = "<group>"; };
		88064BC929B266D8006BEEBE /* GetAllProductsAPIManager.swift */ = {isa = PBXFileReference; lastKnownFileType = sourcecode.swift; path = GetAllProductsAPIManager.swift; sourceTree = "<group>"; };
/* End PBXFileReference section */

/* Begin PBXFrameworksBuildPhase section */
		88064B8929ADB7E1006BEEBE /* Frameworks */ = {
			isa = PBXFrameworksBuildPhase;
			buildActionMask = 2147483647;
			files = (
			);
			runOnlyForDeploymentPostprocessing = 0;
		};
/* End PBXFrameworksBuildPhase section */

/* Begin PBXGroup section */
		88064B8329ADB7E1006BEEBE = {
			isa = PBXGroup;
			children = (
				88064B8E29ADB7E1006BEEBE /* TienditaPrueba */,
				88064B8D29ADB7E1006BEEBE /* Products */,
			);
			sourceTree = "<group>";
		};
		88064B8D29ADB7E1006BEEBE /* Products */ = {
			isa = PBXGroup;
			children = (
				88064B8C29ADB7E1006BEEBE /* TienditaPrueba.app */,
			);
			name = Products;
			sourceTree = "<group>";
		};
		88064B8E29ADB7E1006BEEBE /* TienditaPrueba */ = {
			isa = PBXGroup;
			children = (
				88064B9D29ADBDF9006BEEBE /* Network */,
				88064BA629AFE129006BEEBE /* App */,
				88064B8F29ADB7E1006BEEBE /* TienditaPruebaApp.swift */,
				88064B9129ADB7E1006BEEBE /* ContentView.swift */,
				88064B9329ADB7E3006BEEBE /* Assets.xcassets */,
				88064B9529ADB7E3006BEEBE /* Preview Content */,
			);
			path = TienditaPrueba;
			sourceTree = "<group>";
		};
		88064B9529ADB7E3006BEEBE /* Preview Content */ = {
			isa = PBXGroup;
			children = (
				88064B9629ADB7E3006BEEBE /* Preview Assets.xcassets */,
			);
			path = "Preview Content";
			sourceTree = "<group>";
		};
		88064B9D29ADBDF9006BEEBE /* Network */ = {
			isa = PBXGroup;
			children = (
				88064B9E29ADBE1D006BEEBE /* URLRequestGenerator.swift */,
				88064BA029ADBEC5006BEEBE /* DataRequest.swift */,
				88064BA229ADBF48006BEEBE /* HTTPMethods.swift */,
				88064BA429ADC045006BEEBE /* NetworkDispatcher.swift */,
			);
			path = Network;
			sourceTree = "<group>";
		};
		88064BA629AFE129006BEEBE /* App */ = {
			isa = PBXGroup;
			children = (
				88064BA729AFE136006BEEBE /* Network Implementation */,
				88064BBC29B09A2E006BEEBE /* Favorites */,
				88064BBB29B09A24006BEEBE /* Home */,
			);
			path = App;
			sourceTree = "<group>";
		};
		88064BA729AFE136006BEEBE /* Network Implementation */ = {
			isa = PBXGroup;
			children = (
				88064BB229AFE4B0006BEEBE /* Requests */,
				88064BA829AFE1C3006BEEBE /* Endpoints */,
				88064BB529AFE722006BEEBE /* Models */,
				88064BAE29AFE3BA006BEEBE /* Utils */,
			);
			path = "Network Implementation";
			sourceTree = "<group>";
		};
		88064BA829AFE1C3006BEEBE /* Endpoints */ = {
			isa = PBXGroup;
			children = (
				88064BA929AFE1E8006BEEBE /* Endpoints.swift */,
			);
			path = Endpoints;
			sourceTree = "<group>";
		};
		88064BAB29AFE2C9006BEEBE /* Constants */ = {
			isa = PBXGroup;
			children = (
				88064BAC29AFE2E4006BEEBE /* NetworkConstants.swift */,
			);
			path = Constants;
			sourceTree = "<group>";
		};
		88064BAE29AFE3BA006BEEBE /* Utils */ = {
			isa = PBXGroup;
			children = (
				88064BAF29AFE3D0006BEEBE /* Extensions */,
				88064BAB29AFE2C9006BEEBE /* Constants */,
			);
			path = Utils;
			sourceTree = "<group>";
		};
		88064BAF29AFE3D0006BEEBE /* Extensions */ = {
			isa = PBXGroup;
			children = (
				88064BB029AFE3E9006BEEBE /* String+Extension.swift */,
			);
			path = Extensions;
			sourceTree = "<group>";
		};
		88064BB229AFE4B0006BEEBE /* Requests */ = {
			isa = PBXGroup;
			children = (
				88064BB329AFE4CC006BEEBE /* GetAllProductsRequest.swift */,
			);
			path = Requests;
			sourceTree = "<group>";
		};
		88064BB529AFE722006BEEBE /* Models */ = {
			isa = PBXGroup;
			children = (
				88064BB629AFE72F006BEEBE /* Products.swift */,
			);
			path = Models;
			sourceTree = "<group>";
		};
		88064BBB29B09A24006BEEBE /* Home */ = {
			isa = PBXGroup;
			children = (
				88064BC829B266B6006BEEBE /* ViewModel */,
				88064BC529B1B820006BEEBE /* Components */,
				88064BB929AFEA3A006BEEBE /* HomeTiendita.swift */,
			);
			path = Home;
			sourceTree = "<group>";
		};
		88064BBC29B09A2E006BEEBE /* Favorites */ = {
			isa = PBXGroup;
			children = (
				88064BBF29B09A86006BEEBE /* FavoritesViewModel.swift */,
			);
			path = Favorites;
			sourceTree = "<group>";
		};
		88064BC529B1B820006BEEBE /* Components */ = {
			isa = PBXGroup;
			children = (
				88064BC329B1B07A006BEEBE /* ProductCardView.swift */,
				88064BC129B193C1006BEEBE /* HomeProductsCard.swift */,
				88064BC629B1BBA7006BEEBE /* CartButton.swift */,
			);
			path = Components;
			sourceTree = "<group>";
		};
		88064BC829B266B6006BEEBE /* ViewModel */ = {
			isa = PBXGroup;
			children = (
				88064BBD29B09A54006BEEBE /* HomeViewModel.swift */,
				88064BC929B266D8006BEEBE /* GetAllProductsAPIManager.swift */,
			);
			path = ViewModel;
			sourceTree = "<group>";
		};
/* End PBXGroup section */

/* Begin PBXNativeTarget section */
		88064B8B29ADB7E1006BEEBE /* TienditaPrueba */ = {
			isa = PBXNativeTarget;
			buildConfigurationList = 88064B9A29ADB7E3006BEEBE /* Build configuration list for PBXNativeTarget "TienditaPrueba" */;
			buildPhases = (
				88064B8829ADB7E1006BEEBE /* Sources */,
				88064B8929ADB7E1006BEEBE /* Frameworks */,
				88064B8A29ADB7E1006BEEBE /* Resources */,
			);
			buildRules = (
			);
			dependencies = (
			);
			name = TienditaPrueba;
			productName = TienditaPrueba;
			productReference = 88064B8C29ADB7E1006BEEBE /* TienditaPrueba.app */;
			productType = "com.apple.product-type.application";
		};
/* End PBXNativeTarget section */

/* Begin PBXProject section */
		88064B8429ADB7E1006BEEBE /* Project object */ = {
			isa = PBXProject;
			attributes = {
				BuildIndependentTargetsInParallel = 1;
				LastSwiftUpdateCheck = 1410;
				LastUpgradeCheck = 1410;
				TargetAttributes = {
					88064B8B29ADB7E1006BEEBE = {
						CreatedOnToolsVersion = 14.1;
					};
				};
			};
			buildConfigurationList = 88064B8729ADB7E1006BEEBE /* Build configuration list for PBXProject "TienditaPrueba" */;
			compatibilityVersion = "Xcode 14.0";
			developmentRegion = en;
			hasScannedForEncodings = 0;
			knownRegions = (
				en,
				Base,
			);
			mainGroup = 88064B8329ADB7E1006BEEBE;
			productRefGroup = 88064B8D29ADB7E1006BEEBE /* Products */;
			projectDirPath = "";
			projectRoot = "";
			targets = (
				88064B8B29ADB7E1006BEEBE /* TienditaPrueba */,
			);
		};
/* End PBXProject section */

/* Begin PBXResourcesBuildPhase section */
		88064B8A29ADB7E1006BEEBE /* Resources */ = {
			isa = PBXResourcesBuildPhase;
			buildActionMask = 2147483647;
			files = (
				88064B9729ADB7E3006BEEBE /* Preview Assets.xcassets in Resources */,
				88064B9429ADB7E3006BEEBE /* Assets.xcassets in Resources */,
			);
			runOnlyForDeploymentPostprocessing = 0;
		};
/* End PBXResourcesBuildPhase section */

/* Begin PBXSourcesBuildPhase section */
		88064B8829ADB7E1006BEEBE /* Sources */ = {
			isa = PBXSourcesBuildPhase;
			buildActionMask = 2147483647;
			files = (
				88064BAD29AFE2E4006BEEBE /* NetworkConstants.swift in Sources */,
				88064BB729AFE72F006BEEBE /* Products.swift in Sources */,
				88064BB129AFE3E9006BEEBE /* String+Extension.swift in Sources */,
				88064BBA29AFEA3A006BEEBE /* HomeTiendita.swift in Sources */,
				88064BA329ADBF48006BEEBE /* HTTPMethods.swift in Sources */,
				88064B9229ADB7E1006BEEBE /* ContentView.swift in Sources */,
				88064BC429B1B07A006BEEBE /* ProductCardView.swift in Sources */,
				88064B9029ADB7E1006BEEBE /* TienditaPruebaApp.swift in Sources */,
				88064BAA29AFE1E8006BEEBE /* Endpoints.swift in Sources */,
				88064BCA29B266D8006BEEBE /* GetAllProductsAPIManager.swift in Sources */,
				88064BC029B09A86006BEEBE /* FavoritesViewModel.swift in Sources */,
				88064BBE29B09A54006BEEBE /* HomeViewModel.swift in Sources */,
				88064BA529ADC045006BEEBE /* NetworkDispatcher.swift in Sources */,
				88064B9F29ADBE1D006BEEBE /* URLRequestGenerator.swift in Sources */,
				88064BB429AFE4CC006BEEBE /* GetAllProductsRequest.swift in Sources */,
				88064BA129ADBEC5006BEEBE /* DataRequest.swift in Sources */,
				88064BC229B193C1006BEEBE /* HomeProductsCard.swift in Sources */,
				88064BC729B1BBA7006BEEBE /* CartButton.swift in Sources */,
			);
			runOnlyForDeploymentPostprocessing = 0;
		};
/* End PBXSourcesBuildPhase section */

/* Begin XCBuildConfiguration section */
		88064B9829ADB7E3006BEEBE /* Debug */ = {
			isa = XCBuildConfiguration;
			buildSettings = {
				ALWAYS_SEARCH_USER_PATHS = NO;
				CLANG_ANALYZER_NONNULL = YES;
				CLANG_ANALYZER_NUMBER_OBJECT_CONVERSION = YES_AGGRESSIVE;
				CLANG_CXX_LANGUAGE_STANDARD = "gnu++20";
				CLANG_ENABLE_MODULES = YES;
				CLANG_ENABLE_OBJC_ARC = YES;
				CLANG_ENABLE_OBJC_WEAK = YES;
				CLANG_WARN_BLOCK_CAPTURE_AUTORELEASING = YES;
				CLANG_WARN_BOOL_CONVERSION = YES;
				CLANG_WARN_COMMA = YES;
				CLANG_WARN_CONSTANT_CONVERSION = YES;
				CLANG_WARN_DEPRECATED_OBJC_IMPLEMENTATIONS = YES;
				CLANG_WARN_DIRECT_OBJC_ISA_USAGE = YES_ERROR;
				CLANG_WARN_DOCUMENTATION_COMMENTS = YES;
				CLANG_WARN_EMPTY_BODY = YES;
				CLANG_WARN_ENUM_CONVERSION = YES;
				CLANG_WARN_INFINITE_RECURSION = YES;
				CLANG_WARN_INT_CONVERSION = YES;
				CLANG_WARN_NON_LITERAL_NULL_CONVERSION = YES;
				CLANG_WARN_OBJC_IMPLICIT_RETAIN_SELF = YES;
				CLANG_WARN_OBJC_LITERAL_CONVERSION = YES;
				CLANG_WARN_OBJC_ROOT_CLASS = YES_ERROR;
				CLANG_WARN_QUOTED_INCLUDE_IN_FRAMEWORK_HEADER = YES;
				CLANG_WARN_RANGE_LOOP_ANALYSIS = YES;
				CLANG_WARN_STRICT_PROTOTYPES = YES;
				CLANG_WARN_SUSPICIOUS_MOVE = YES;
				CLANG_WARN_UNGUARDED_AVAILABILITY = YES_AGGRESSIVE;
				CLANG_WARN_UNREACHABLE_CODE = YES;
				CLANG_WARN__DUPLICATE_METHOD_MATCH = YES;
				COPY_PHASE_STRIP = NO;
				DEBUG_INFORMATION_FORMAT = dwarf;
				ENABLE_STRICT_OBJC_MSGSEND = YES;
				ENABLE_TESTABILITY = YES;
				GCC_C_LANGUAGE_STANDARD = gnu11;
				GCC_DYNAMIC_NO_PIC = NO;
				GCC_NO_COMMON_BLOCKS = YES;
				GCC_OPTIMIZATION_LEVEL = 0;
				GCC_PREPROCESSOR_DEFINITIONS = (
					"DEBUG=1",
					"$(inherited)",
				);
				GCC_WARN_64_TO_32_BIT_CONVERSION = YES;
				GCC_WARN_ABOUT_RETURN_TYPE = YES_ERROR;
				GCC_WARN_UNDECLARED_SELECTOR = YES;
				GCC_WARN_UNINITIALIZED_AUTOS = YES_AGGRESSIVE;
				GCC_WARN_UNUSED_FUNCTION = YES;
				GCC_WARN_UNUSED_VARIABLE = YES;
				IPHONEOS_DEPLOYMENT_TARGET = 16.1;
				MTL_ENABLE_DEBUG_INFO = INCLUDE_SOURCE;
				MTL_FAST_MATH = YES;
				ONLY_ACTIVE_ARCH = YES;
				SDKROOT = iphoneos;
				SWIFT_ACTIVE_COMPILATION_CONDITIONS = DEBUG;
				SWIFT_OPTIMIZATION_LEVEL = "-Onone";
			};
			name = Debug;
		};
		88064B9929ADB7E3006BEEBE /* Release */ = {
			isa = XCBuildConfiguration;
			buildSettings = {
				ALWAYS_SEARCH_USER_PATHS = NO;
				CLANG_ANALYZER_NONNULL = YES;
				CLANG_ANALYZER_NUMBER_OBJECT_CONVERSION = YES_AGGRESSIVE;
				CLANG_CXX_LANGUAGE_STANDARD = "gnu++20";
				CLANG_ENABLE_MODULES = YES;
				CLANG_ENABLE_OBJC_ARC = YES;
				CLANG_ENABLE_OBJC_WEAK = YES;
				CLANG_WARN_BLOCK_CAPTURE_AUTORELEASING = YES;
				CLANG_WARN_BOOL_CONVERSION = YES;
				CLANG_WARN_COMMA = YES;
				CLANG_WARN_CONSTANT_CONVERSION = YES;
				CLANG_WARN_DEPRECATED_OBJC_IMPLEMENTATIONS = YES;
				CLANG_WARN_DIRECT_OBJC_ISA_USAGE = YES_ERROR;
				CLANG_WARN_DOCUMENTATION_COMMENTS = YES;
				CLANG_WARN_EMPTY_BODY = YES;
				CLANG_WARN_ENUM_CONVERSION = YES;
				CLANG_WARN_INFINITE_RECURSION = YES;
				CLANG_WARN_INT_CONVERSION = YES;
				CLANG_WARN_NON_LITERAL_NULL_CONVERSION = YES;
				CLANG_WARN_OBJC_IMPLICIT_RETAIN_SELF = YES;
				CLANG_WARN_OBJC_LITERAL_CONVERSION = YES;
				CLANG_WARN_OBJC_ROOT_CLASS = YES_ERROR;
				CLANG_WARN_QUOTED_INCLUDE_IN_FRAMEWORK_HEADER = YES;
				CLANG_WARN_RANGE_LOOP_ANALYSIS = YES;
				CLANG_WARN_STRICT_PROTOTYPES = YES;
				CLANG_WARN_SUSPICIOUS_MOVE = YES;
				CLANG_WARN_UNGUARDED_AVAILABILITY = YES_AGGRESSIVE;
				CLANG_WARN_UNREACHABLE_CODE = YES;
				CLANG_WARN__DUPLICATE_METHOD_MATCH = YES;
				COPY_PHASE_STRIP = NO;
				DEBUG_INFORMATION_FORMAT = "dwarf-with-dsym";
				ENABLE_NS_ASSERTIONS = NO;
				ENABLE_STRICT_OBJC_MSGSEND = YES;
				GCC_C_LANGUAGE_STANDARD = gnu11;
				GCC_NO_COMMON_BLOCKS = YES;
				GCC_WARN_64_TO_32_BIT_CONVERSION = YES;
				GCC_WARN_ABOUT_RETURN_TYPE = YES_ERROR;
				GCC_WARN_UNDECLARED_SELECTOR = YES;
				GCC_WARN_UNINITIALIZED_AUTOS = YES_AGGRESSIVE;
				GCC_WARN_UNUSED_FUNCTION = YES;
				GCC_WARN_UNUSED_VARIABLE = YES;
				IPHONEOS_DEPLOYMENT_TARGET = 16.1;
				MTL_ENABLE_DEBUG_INFO = NO;
				MTL_FAST_MATH = YES;
				SDKROOT = iphoneos;
				SWIFT_COMPILATION_MODE = wholemodule;
				SWIFT_OPTIMIZATION_LEVEL = "-O";
				VALIDATE_PRODUCT = YES;
			};
			name = Release;
		};
		88064B9B29ADB7E3006BEEBE /* Debug */ = {
			isa = XCBuildConfiguration;
			buildSettings = {
				ASSETCATALOG_COMPILER_APPICON_NAME = AppIcon;
				ASSETCATALOG_COMPILER_GLOBAL_ACCENT_COLOR_NAME = AccentColor;
				CODE_SIGN_STYLE = Automatic;
				CURRENT_PROJECT_VERSION = 1;
				DEVELOPMENT_ASSET_PATHS = "\"TienditaPrueba/Preview Content\"";
				ENABLE_PREVIEWS = YES;
				GENERATE_INFOPLIST_FILE = YES;
				INFOPLIST_KEY_UIApplicationSceneManifest_Generation = YES;
				INFOPLIST_KEY_UIApplicationSupportsIndirectInputEvents = YES;
				INFOPLIST_KEY_UILaunchScreen_Generation = YES;
				INFOPLIST_KEY_UISupportedInterfaceOrientations_iPad = "UIInterfaceOrientationPortrait UIInterfaceOrientationPortraitUpsideDown UIInterfaceOrientationLandscapeLeft UIInterfaceOrientationLandscapeRight";
				INFOPLIST_KEY_UISupportedInterfaceOrientations_iPhone = "UIInterfaceOrientationPortrait UIInterfaceOrientationLandscapeLeft UIInterfaceOrientationLandscapeRight";
				LD_RUNPATH_SEARCH_PATHS = (
					"$(inherited)",
					"@executable_path/Frameworks",
				);
				MARKETING_VERSION = 1.0;
				PRODUCT_BUNDLE_IDENTIFIER = Jerriodas.TienditaPrueba;
				PRODUCT_NAME = "$(TARGET_NAME)";
				SWIFT_EMIT_LOC_STRINGS = YES;
				SWIFT_VERSION = 5.0;
				TARGETED_DEVICE_FAMILY = "1,2";
			};
			name = Debug;
		};
		88064B9C29ADB7E3006BEEBE /* Release */ = {
			isa = XCBuildConfiguration;
			buildSettings = {
				ASSETCATALOG_COMPILER_APPICON_NAME = AppIcon;
				ASSETCATALOG_COMPILER_GLOBAL_ACCENT_COLOR_NAME = AccentColor;
				CODE_SIGN_STYLE = Automatic;
				CURRENT_PROJECT_VERSION = 1;
				DEVELOPMENT_ASSET_PATHS = "\"TienditaPrueba/Preview Content\"";
				ENABLE_PREVIEWS = YES;
				GENERATE_INFOPLIST_FILE = YES;
				INFOPLIST_KEY_UIApplicationSceneManifest_Generation = YES;
				INFOPLIST_KEY_UIApplicationSupportsIndirectInputEvents = YES;
				INFOPLIST_KEY_UILaunchScreen_Generation = YES;
				INFOPLIST_KEY_UISupportedInterfaceOrientations_iPad = "UIInterfaceOrientationPortrait UIInterfaceOrientationPortraitUpsideDown UIInterfaceOrientationLandscapeLeft UIInterfaceOrientationLandscapeRight";
				INFOPLIST_KEY_UISupportedInterfaceOrientations_iPhone = "UIInterfaceOrientationPortrait UIInterfaceOrientationLandscapeLeft UIInterfaceOrientationLandscapeRight";
				LD_RUNPATH_SEARCH_PATHS = (
					"$(inherited)",
					"@executable_path/Frameworks",
				);
				MARKETING_VERSION = 1.0;
				PRODUCT_BUNDLE_IDENTIFIER = Jerriodas.TienditaPrueba;
				PRODUCT_NAME = "$(TARGET_NAME)";
				SWIFT_EMIT_LOC_STRINGS = YES;
				SWIFT_VERSION = 5.0;
				TARGETED_DEVICE_FAMILY = "1,2";
			};
			name = Release;
		};
/* End XCBuildConfiguration section */

/* Begin XCConfigurationList section */
		88064B8729ADB7E1006BEEBE /* Build configuration list for PBXProject "TienditaPrueba" */ = {
			isa = XCConfigurationList;
			buildConfigurations = (
				88064B9829ADB7E3006BEEBE /* Debug */,
				88064B9929ADB7E3006BEEBE /* Release */,
			);
			defaultConfigurationIsVisible = 0;
			defaultConfigurationName = Release;
		};
		88064B9A29ADB7E3006BEEBE /* Build configuration list for PBXNativeTarget "TienditaPrueba" */ = {
			isa = XCConfigurationList;
			buildConfigurations = (
				88064B9B29ADB7E3006BEEBE /* Debug */,
				88064B9C29ADB7E3006BEEBE /* Release */,
			);
			defaultConfigurationIsVisible = 0;
			defaultConfigurationName = Release;
		};
/* End XCConfigurationList section */
	};
	rootObject = 88064B8429ADB7E1006BEEBE /* Project object */;
}
